github.com/davecgh/go-spew v1.1.0 h1:ZDRjVQ15GmhC3fiQ8ni8+OwkZQO4DARzQgrnXU1Liz8=
github.com/davecgh/go-spew v1.1.0/go.mod h1:J7Y8YcW2NihsgmVo/mv3lAwl/skON4iLHjSsI+c5H38=
github.com/gomodule/redigo v1.8.9 h1:Sl3u+2BI/kk+VEatbj0scLdrFhjPmbxOc1myhDP41ws=
github.com/gomodule/redigo v1.8.9/go.mod h1:7ArFNvsTjH8GMMzB4uy1snslv2BwmginuMs06a1uzZE=
github.com/keakon/golog v0.0.0-20221030125838-d449ac287369 h1:uLC4BB6D7GAnp79AR41XMYapZG3dH/Zf3RsaKNA1Tsw=
github.com/keakon/golog v0.0.0-20221030125838-d449ac287369/go.mod h1:eiN1P12Xfzgefazs96mOt9Iikcwmj4FxVzJeCuOgFdk=
github.com/keakon/golog v0.0.0-20230320151447-bcec4afe0e72 h1:umVIkMQMWyhnYEMPBEL7ddceiTNk3DuzgarlnF6ygA4=
github.com/keakon/golog v0.0.0-20230320151447-bcec4afe0e72/go.mod h1:eiN1P12Xfzgefazs96mOt9Iikcwmj4FxVzJeCuOgFdk=
github.com/keakon/golog v0.0.0-20230323022214-04d52304f8cd h1:ihD97ECPpSK8kQk9CXguMPetUwNgSNKU/VyFNcqYWyc=
github.com/keakon/golog v0.0.0-20230323022214-04d52304f8cd/go.mod h1:eiN1P12Xfzgefazs96mOt9Iikcwmj4FxVzJeCuOgFdk=
github.com/pmezard/go-difflib v1.0.0 h1:4DBwDE0NGyQoBHbLQYPwSUPoCMWR5BEzIk/f1lZbAQM=
github.com/pmezard/go-difflib v1.0.0/go.mod h1:iKH77koFhYxTK1pcRnkKkqfTogsbg7gZNVY4sRDYZ/4=
github.com/shamaton/msgpack/v2 v2.1.1 h1:gAMxOtVJz93R0EwewwUc8tx30n34aV6BzJuwHE8ogAk=
github.com/shamaton/msgpack/v2 v2.1.1/go.mod h1:aTUEmh31ziGX1Ml7wMPLVY0f4vT3CRsCvZRoSCs+VGg=
github.com/stretchr/objx v0.1.0/go.mod h1:HFkY916IF+rwdDfMAkV7OtwuqBVzrE8GR6GFx+wExME=
github.com/stretchr/testify v1.7.0 h1:nwc3DEeHmmLAfoZucVR881uASk0Mfjw8xYJ99tb5CcY=
github.com/stretchr/testify v1.7.0/go.mod h1:6Fq8oRcR53rry900zMqJjRRixrwX3KX962/h/Wwjteg=
gopkg.in/check.v1 v0.0.0-20161208181325-20d25e280405/go.mod h1:Co6ibVJAznAaIkqp8huTwlJQCZ016jof/cbN4VW5Yz0=
gopkg.in/yaml.v3 v3.0.0-20200313102051-9f266ea9e77c h1:dUUwHk2QECo/6vqA44rthZ8ie2QXMNeKRTHCNY2nXvo=
gopkg.in/yaml.v3 v3.0.0-20200313102051-9f266ea9e77c/go.mod h1:K4uyk7z7BCEPqu6E+C64Yfv1cQ7kz7rIZviUmN+EgEM=
